
Microsoft Visual Studio Solution File, Format Version 12.00
# Visual Studio 15
VisualStudioVersion = 15.0.28307.102
MinimumVisualStudioVersion = 10.0.40219.1
Project("{FAE04EC0-301F-11D3-BF4B-00C04F79EFBC}") = "Entidades", "Entidades\Entidades.csproj", "{647707DA-7320-47B1-B6E7-A8D5C784F89A}"
EndProject
Project("{FAE04EC0-301F-11D3-BF4B-00C04F79EFBC}") = "MainCorreo", "MainCorreo\MainCorreo.csproj", "{3700A3C7-61A3-4477-9594-90467A02E146}"
EndProject
Global
	GlobalSection(SolutionConfigurationPlatforms) = preSolution
		Debug|Any CPU = Debug|Any CPU
		Release|Any CPU = Release|Any CPU
	EndGlobalSection
	GlobalSection(ProjectConfigurationPlatforms) = postSolution
		{647707DA-7320-47B1-B6E7-A8D5C784F89A}.Debug|Any CPU.ActiveCfg = Debug|Any CPU
		{647707DA-7320-47B1-B6E7-A8D5C784F89A}.Debug|Any CPU.Build.0 = Debug|Any CPU
		{647707DA-7320-47B1-B6E7-A8D5C784F89A}.Release|Any CPU.ActiveCfg = Release|Any CPU
		{647707DA-7320-47B1-B6E7-A8D5C784F89A}.Release|Any CPU.Build.0 = Release|Any CPU
		{3700A3C7-61A3-4477-9594-90467A02E146}.Debug|Any CPU.ActiveCfg = Debug|Any CPU
		{3700A3C7-61A3-4477-9594-90467A02E146}.Debug|Any CPU.Build.0 = Debug|Any CPU
		{3700A3C7-61A3-4477-9594-90467A02E146}.Release|Any CPU.ActiveCfg = Release|Any CPU
		{3700A3C7-61A3-4477-9594-90467A02E146}.Release|Any CPU.Build.0 = Release|Any CPU
	EndGlobalSection
	GlobalSection(SolutionProperties) = preSolution
		HideSolutionNode = FALSE
	EndGlobalSection
	GlobalSection(ExtensibilityGlobals) = postSolution
		SolutionGuid = {F5E92D3F-C0EF-41FB-98D1-014AED8D242B}
	EndGlobalSection
EndGlobal
